
Microsoft Visual Studio Solution File, Format Version 12.00
# Visual Studio Version 16
VisualStudioVersion = 16.0.29102.190
MinimumVisualStudioVersion = 10.0.40219.1
Project("{6EC3EE1D-3C4E-46DD-8F32-0CC8E7565705}") = "Brian.Interop", "Brian.Interop\Brian.Interop.fsproj", "{7AFCBB6A-D1DD-4BFA-BC6E-5E9D18F7B03A}"
EndProject
Project("{9A19103F-16F7-4668-BE54-9A1E7A4F7556}") = "Python.Runtime.15", "..\ext\pythonnet\src\runtime\Python.Runtime.15.csproj", "{53020F85-F183-4E79-AEBA-C6561D31D607}"
EndProject
Project("{6EC3EE1D-3C4E-46DD-8F32-0CC8E7565705}") = "Brian.Base", "Brian.Base\Brian.Base.fsproj", "{711BBDAC-C858-4E0B-8B81-BCD478B2FB25}"
EndProject
Project("{6EC3EE1D-3C4E-46DD-8F32-0CC8E7565705}") = "Brian.Logger.Serilog", "Brian.Logger.Serilog\Brian.Logger.Serilog.fsproj", "{E9D41E3D-D87E-4A86-9832-98CE5AE3AFC6}"
EndProject
Project("{2150E333-8FDC-42A3-9474-1A3956D46DE8}") = "Tests", "Tests", "{115BBAD8-8D3F-4A31-9C85-37896939363C}"
EndProject
Project("{F2A71F9B-5D33-465A-A702-920D77279786}") = "Brian.Tests.Base", "..\tests\Brian.Tests.Base\Brian.Tests.Base.fsproj", "{9CDA451F-FBAE-476B-A047-20CF5892C98A}"
EndProject
Global
	GlobalSection(SolutionConfigurationPlatforms) = preSolution
		Debug|Any CPU = Debug|Any CPU
		DebugMono|Any CPU = DebugMono|Any CPU
		DebugMonoPY3|Any CPU = DebugMonoPY3|Any CPU
		DebugWin|Any CPU = DebugWin|Any CPU
		DebugWinPY3|Any CPU = DebugWinPY3|Any CPU
		Release|Any CPU = Release|Any CPU
		ReleaseMono|Any CPU = ReleaseMono|Any CPU
		ReleaseMonoPY3|Any CPU = ReleaseMonoPY3|Any CPU
		ReleaseWin|Any CPU = ReleaseWin|Any CPU
		ReleaseWinPY3|Any CPU = ReleaseWinPY3|Any CPU
	EndGlobalSection
	GlobalSection(ProjectConfigurationPlatforms) = postSolution
		{7AFCBB6A-D1DD-4BFA-BC6E-5E9D18F7B03A}.Debug|Any CPU.ActiveCfg = Debug|Any CPU
		{7AFCBB6A-D1DD-4BFA-BC6E-5E9D18F7B03A}.Debug|Any CPU.Build.0 = Debug|Any CPU
		{7AFCBB6A-D1DD-4BFA-BC6E-5E9D18F7B03A}.DebugMono|Any CPU.ActiveCfg = Debug|Any CPU
		{7AFCBB6A-D1DD-4BFA-BC6E-5E9D18F7B03A}.DebugMono|Any CPU.Build.0 = Debug|Any CPU
		{7AFCBB6A-D1DD-4BFA-BC6E-5E9D18F7B03A}.DebugMonoPY3|Any CPU.ActiveCfg = Debug|Any CPU
		{7AFCBB6A-D1DD-4BFA-BC6E-5E9D18F7B03A}.DebugMonoPY3|Any CPU.Build.0 = Debug|Any CPU
		{7AFCBB6A-D1DD-4BFA-BC6E-5E9D18F7B03A}.DebugWin|Any CPU.ActiveCfg = Debug|Any CPU
		{7AFCBB6A-D1DD-4BFA-BC6E-5E9D18F7B03A}.DebugWin|Any CPU.Build.0 = Debug|Any CPU
		{7AFCBB6A-D1DD-4BFA-BC6E-5E9D18F7B03A}.DebugWinPY3|Any CPU.ActiveCfg = Debug|Any CPU
		{7AFCBB6A-D1DD-4BFA-BC6E-5E9D18F7B03A}.DebugWinPY3|Any CPU.Build.0 = Debug|Any CPU
		{7AFCBB6A-D1DD-4BFA-BC6E-5E9D18F7B03A}.Release|Any CPU.ActiveCfg = Release|Any CPU
		{7AFCBB6A-D1DD-4BFA-BC6E-5E9D18F7B03A}.Release|Any CPU.Build.0 = Release|Any CPU
		{7AFCBB6A-D1DD-4BFA-BC6E-5E9D18F7B03A}.ReleaseMono|Any CPU.ActiveCfg = Release|Any CPU
		{7AFCBB6A-D1DD-4BFA-BC6E-5E9D18F7B03A}.ReleaseMono|Any CPU.Build.0 = Release|Any CPU
		{7AFCBB6A-D1DD-4BFA-BC6E-5E9D18F7B03A}.ReleaseMonoPY3|Any CPU.ActiveCfg = Release|Any CPU
		{7AFCBB6A-D1DD-4BFA-BC6E-5E9D18F7B03A}.ReleaseMonoPY3|Any CPU.Build.0 = Release|Any CPU
		{7AFCBB6A-D1DD-4BFA-BC6E-5E9D18F7B03A}.ReleaseWin|Any CPU.ActiveCfg = Release|Any CPU
		{7AFCBB6A-D1DD-4BFA-BC6E-5E9D18F7B03A}.ReleaseWin|Any CPU.Build.0 = Release|Any CPU
		{7AFCBB6A-D1DD-4BFA-BC6E-5E9D18F7B03A}.ReleaseWinPY3|Any CPU.ActiveCfg = Release|Any CPU
		{7AFCBB6A-D1DD-4BFA-BC6E-5E9D18F7B03A}.ReleaseWinPY3|Any CPU.Build.0 = Release|Any CPU
		{53020F85-F183-4E79-AEBA-C6561D31D607}.Debug|Any CPU.ActiveCfg = DebugMonoPY3|x64
		{53020F85-F183-4E79-AEBA-C6561D31D607}.Debug|Any CPU.Build.0 = DebugMonoPY3|x64
		{53020F85-F183-4E79-AEBA-C6561D31D607}.DebugMono|Any CPU.ActiveCfg = DebugMono|Any CPU
		{53020F85-F183-4E79-AEBA-C6561D31D607}.DebugMono|Any CPU.Build.0 = DebugMono|Any CPU
		{53020F85-F183-4E79-AEBA-C6561D31D607}.DebugMonoPY3|Any CPU.ActiveCfg = DebugMonoPY3|Any CPU
		{53020F85-F183-4E79-AEBA-C6561D31D607}.DebugMonoPY3|Any CPU.Build.0 = DebugMonoPY3|Any CPU
		{53020F85-F183-4E79-AEBA-C6561D31D607}.DebugWin|Any CPU.ActiveCfg = DebugWin|Any CPU
		{53020F85-F183-4E79-AEBA-C6561D31D607}.DebugWin|Any CPU.Build.0 = DebugWin|Any CPU
		{53020F85-F183-4E79-AEBA-C6561D31D607}.DebugWinPY3|Any CPU.ActiveCfg = DebugWinPY3|Any CPU
		{53020F85-F183-4E79-AEBA-C6561D31D607}.DebugWinPY3|Any CPU.Build.0 = DebugWinPY3|Any CPU
		{53020F85-F183-4E79-AEBA-C6561D31D607}.Release|Any CPU.ActiveCfg = ReleaseMono|Any CPU
		{53020F85-F183-4E79-AEBA-C6561D31D607}.Release|Any CPU.Build.0 = ReleaseMono|Any CPU
		{53020F85-F183-4E79-AEBA-C6561D31D607}.ReleaseMono|Any CPU.ActiveCfg = ReleaseMono|Any CPU
		{53020F85-F183-4E79-AEBA-C6561D31D607}.ReleaseMono|Any CPU.Build.0 = ReleaseMono|Any CPU
		{53020F85-F183-4E79-AEBA-C6561D31D607}.ReleaseMonoPY3|Any CPU.ActiveCfg = ReleaseMonoPY3|Any CPU
		{53020F85-F183-4E79-AEBA-C6561D31D607}.ReleaseMonoPY3|Any CPU.Build.0 = ReleaseMonoPY3|Any CPU
		{53020F85-F183-4E79-AEBA-C6561D31D607}.ReleaseWin|Any CPU.ActiveCfg = ReleaseWin|Any CPU
		{53020F85-F183-4E79-AEBA-C6561D31D607}.ReleaseWin|Any CPU.Build.0 = ReleaseWin|Any CPU
		{53020F85-F183-4E79-AEBA-C6561D31D607}.ReleaseWinPY3|Any CPU.ActiveCfg = ReleaseWinPY3|Any CPU
		{53020F85-F183-4E79-AEBA-C6561D31D607}.ReleaseWinPY3|Any CPU.Build.0 = ReleaseWinPY3|Any CPU
		{711BBDAC-C858-4E0B-8B81-BCD478B2FB25}.Debug|Any CPU.ActiveCfg = Debug|Any CPU
		{711BBDAC-C858-4E0B-8B81-BCD478B2FB25}.Debug|Any CPU.Build.0 = Debug|Any CPU
		{711BBDAC-C858-4E0B-8B81-BCD478B2FB25}.DebugMono|Any CPU.ActiveCfg = Debug|Any CPU
		{711BBDAC-C858-4E0B-8B81-BCD478B2FB25}.DebugMono|Any CPU.Build.0 = Debug|Any CPU
		{711BBDAC-C858-4E0B-8B81-BCD478B2FB25}.DebugMonoPY3|Any CPU.ActiveCfg = Debug|Any CPU
		{711BBDAC-C858-4E0B-8B81-BCD478B2FB25}.DebugMonoPY3|Any CPU.Build.0 = Debug|Any CPU
		{711BBDAC-C858-4E0B-8B81-BCD478B2FB25}.DebugWin|Any CPU.ActiveCfg = Debug|Any CPU
		{711BBDAC-C858-4E0B-8B81-BCD478B2FB25}.DebugWin|Any CPU.Build.0 = Debug|Any CPU
		{711BBDAC-C858-4E0B-8B81-BCD478B2FB25}.DebugWinPY3|Any CPU.ActiveCfg = Debug|Any CPU
		{711BBDAC-C858-4E0B-8B81-BCD478B2FB25}.DebugWinPY3|Any CPU.Build.0 = Debug|Any CPU
		{711BBDAC-C858-4E0B-8B81-BCD478B2FB25}.Release|Any CPU.ActiveCfg = Release|Any CPU
		{711BBDAC-C858-4E0B-8B81-BCD478B2FB25}.Release|Any CPU.Build.0 = Release|Any CPU
		{711BBDAC-C858-4E0B-8B81-BCD478B2FB25}.ReleaseMono|Any CPU.ActiveCfg = Release|Any CPU
		{711BBDAC-C858-4E0B-8B81-BCD478B2FB25}.ReleaseMono|Any CPU.Build.0 = Release|Any CPU
		{711BBDAC-C858-4E0B-8B81-BCD478B2FB25}.ReleaseMonoPY3|Any CPU.ActiveCfg = Release|Any CPU
		{711BBDAC-C858-4E0B-8B81-BCD478B2FB25}.ReleaseMonoPY3|Any CPU.Build.0 = Release|Any CPU
		{711BBDAC-C858-4E0B-8B81-BCD478B2FB25}.ReleaseWin|Any CPU.ActiveCfg = Release|Any CPU
		{711BBDAC-C858-4E0B-8B81-BCD478B2FB25}.ReleaseWin|Any CPU.Build.0 = Release|Any CPU
		{711BBDAC-C858-4E0B-8B81-BCD478B2FB25}.ReleaseWinPY3|Any CPU.ActiveCfg = Release|Any CPU
		{711BBDAC-C858-4E0B-8B81-BCD478B2FB25}.ReleaseWinPY3|Any CPU.Build.0 = Release|Any CPU
		{E9D41E3D-D87E-4A86-9832-98CE5AE3AFC6}.Debug|Any CPU.ActiveCfg = Debug|Any CPU
		{E9D41E3D-D87E-4A86-9832-98CE5AE3AFC6}.Debug|Any CPU.Build.0 = Debug|Any CPU
		{E9D41E3D-D87E-4A86-9832-98CE5AE3AFC6}.DebugMono|Any CPU.ActiveCfg = Debug|Any CPU
		{E9D41E3D-D87E-4A86-9832-98CE5AE3AFC6}.DebugMono|Any CPU.Build.0 = Debug|Any CPU
		{E9D41E3D-D87E-4A86-9832-98CE5AE3AFC6}.DebugMonoPY3|Any CPU.ActiveCfg = Debug|Any CPU
		{E9D41E3D-D87E-4A86-9832-98CE5AE3AFC6}.DebugMonoPY3|Any CPU.Build.0 = Debug|Any CPU
		{E9D41E3D-D87E-4A86-9832-98CE5AE3AFC6}.DebugWin|Any CPU.ActiveCfg = Debug|Any CPU
		{E9D41E3D-D87E-4A86-9832-98CE5AE3AFC6}.DebugWin|Any CPU.Build.0 = Debug|Any CPU
		{E9D41E3D-D87E-4A86-9832-98CE5AE3AFC6}.DebugWinPY3|Any CPU.ActiveCfg = Debug|Any CPU
		{E9D41E3D-D87E-4A86-9832-98CE5AE3AFC6}.DebugWinPY3|Any CPU.Build.0 = Debug|Any CPU
		{E9D41E3D-D87E-4A86-9832-98CE5AE3AFC6}.Release|Any CPU.ActiveCfg = Release|Any CPU
		{E9D41E3D-D87E-4A86-9832-98CE5AE3AFC6}.Release|Any CPU.Build.0 = Release|Any CPU
		{E9D41E3D-D87E-4A86-9832-98CE5AE3AFC6}.ReleaseMono|Any CPU.ActiveCfg = Release|Any CPU
		{E9D41E3D-D87E-4A86-9832-98CE5AE3AFC6}.ReleaseMono|Any CPU.Build.0 = Release|Any CPU
		{E9D41E3D-D87E-4A86-9832-98CE5AE3AFC6}.ReleaseMonoPY3|Any CPU.ActiveCfg = Release|Any CPU
		{E9D41E3D-D87E-4A86-9832-98CE5AE3AFC6}.ReleaseMonoPY3|Any CPU.Build.0 = Release|Any CPU
		{E9D41E3D-D87E-4A86-9832-98CE5AE3AFC6}.ReleaseWin|Any CPU.ActiveCfg = Release|Any CPU
		{E9D41E3D-D87E-4A86-9832-98CE5AE3AFC6}.ReleaseWin|Any CPU.Build.0 = Release|Any CPU
		{E9D41E3D-D87E-4A86-9832-98CE5AE3AFC6}.ReleaseWinPY3|Any CPU.ActiveCfg = Release|Any CPU
		{E9D41E3D-D87E-4A86-9832-98CE5AE3AFC6}.ReleaseWinPY3|Any CPU.Build.0 = Release|Any CPU
		{9CDA451F-FBAE-476B-A047-20CF5892C98A}.Debug|Any CPU.ActiveCfg = Debug|Any CPU
		{9CDA451F-FBAE-476B-A047-20CF5892C98A}.Debug|Any CPU.Build.0 = Debug|Any CPU
		{9CDA451F-FBAE-476B-A047-20CF5892C98A}.DebugMono|Any CPU.ActiveCfg = Debug|Any CPU
		{9CDA451F-FBAE-476B-A047-20CF5892C98A}.DebugMono|Any CPU.Build.0 = Debug|Any CPU
		{9CDA451F-FBAE-476B-A047-20CF5892C98A}.DebugMonoPY3|Any CPU.ActiveCfg = Debug|Any CPU
		{9CDA451F-FBAE-476B-A047-20CF5892C98A}.DebugMonoPY3|Any CPU.Build.0 = Debug|Any CPU
		{9CDA451F-FBAE-476B-A047-20CF5892C98A}.DebugWin|Any CPU.ActiveCfg = Debug|Any CPU
		{9CDA451F-FBAE-476B-A047-20CF5892C98A}.DebugWin|Any CPU.Build.0 = Debug|Any CPU
		{9CDA451F-FBAE-476B-A047-20CF5892C98A}.DebugWinPY3|Any CPU.ActiveCfg = Debug|Any CPU
		{9CDA451F-FBAE-476B-A047-20CF5892C98A}.DebugWinPY3|Any CPU.Build.0 = Debug|Any CPU
		{9CDA451F-FBAE-476B-A047-20CF5892C98A}.Release|Any CPU.ActiveCfg = Release|Any CPU
		{9CDA451F-FBAE-476B-A047-20CF5892C98A}.Release|Any CPU.Build.0 = Release|Any CPU
		{9CDA451F-FBAE-476B-A047-20CF5892C98A}.ReleaseMono|Any CPU.ActiveCfg = Release|Any CPU
		{9CDA451F-FBAE-476B-A047-20CF5892C98A}.ReleaseMono|Any CPU.Build.0 = Release|Any CPU
		{9CDA451F-FBAE-476B-A047-20CF5892C98A}.ReleaseMonoPY3|Any CPU.ActiveCfg = Release|Any CPU
		{9CDA451F-FBAE-476B-A047-20CF5892C98A}.ReleaseMonoPY3|Any CPU.Build.0 = Release|Any CPU
		{9CDA451F-FBAE-476B-A047-20CF5892C98A}.ReleaseWin|Any CPU.ActiveCfg = Release|Any CPU
		{9CDA451F-FBAE-476B-A047-20CF5892C98A}.ReleaseWin|Any CPU.Build.0 = Release|Any CPU
		{9CDA451F-FBAE-476B-A047-20CF5892C98A}.ReleaseWinPY3|Any CPU.ActiveCfg = Release|Any CPU
		{9CDA451F-FBAE-476B-A047-20CF5892C98A}.ReleaseWinPY3|Any CPU.Build.0 = Release|Any CPU
	EndGlobalSection
	GlobalSection(SolutionProperties) = preSolution
		HideSolutionNode = FALSE
	EndGlobalSection
	GlobalSection(NestedProjects) = preSolution
		{9CDA451F-FBAE-476B-A047-20CF5892C98A} = {115BBAD8-8D3F-4A31-9C85-37896939363C}
	EndGlobalSection
	GlobalSection(ExtensibilityGlobals) = postSolution
		SolutionGuid = {B49455A8-2960-4DFA-B03F-90A50734EC04}
	EndGlobalSection
EndGlobal
